// !$*UTF8*$!
{
	archiveVersion = 1;
	classes = {
	};
	objectVersion = 46;
	objects = {

/* Begin PBXBuildFile section */
		1AB670C91CDA7B91000EBBAC /* AppDelegate.swift in Sources */ = {isa = PBXBuildFile; fileRef = 1AB670C81CDA7B91000EBBAC /* AppDelegate.swift */; };
		1AB670CB1CDA7B91000EBBAC /* ViewController.swift in Sources */ = {isa = PBXBuildFile; fileRef = 1AB670CA1CDA7B91000EBBAC /* ViewController.swift */; };
		1AB670CE1CDA7B91000EBBAC /* Main.storyboard in Resources */ = {isa = PBXBuildFile; fileRef = 1AB670CC1CDA7B91000EBBAC /* Main.storyboard */; };
		1AB670D01CDA7B91000EBBAC /* Assets.xcassets in Resources */ = {isa = PBXBuildFile; fileRef = 1AB670CF1CDA7B91000EBBAC /* Assets.xcassets */; };
		1AB670D31CDA7B91000EBBAC /* LaunchScreen.storyboard in Resources */ = {isa = PBXBuildFile; fileRef = 1AB670D11CDA7B91000EBBAC /* LaunchScreen.storyboard */; };
		1AB670DE1CDA7B91000EBBAC /* DISmojiTests.swift in Sources */ = {isa = PBXBuildFile; fileRef = 1AB670DD1CDA7B91000EBBAC /* DISmojiTests.swift */; };
		1AB670E91CDA7B91000EBBAC /* DISmojiUITests.swift in Sources */ = {isa = PBXBuildFile; fileRef = 1AB670E81CDA7B91000EBBAC /* DISmojiUITests.swift */; };
		1AB670FD1CDA8982000EBBAC /* KeyboardViewController.swift in Sources */ = {isa = PBXBuildFile; fileRef = 1AB670FC1CDA8982000EBBAC /* KeyboardViewController.swift */; };
		1AB671011CDA8982000EBBAC /* bb9moji.appex in Embed App Extensions */ = {isa = PBXBuildFile; fileRef = 1AB670FA1CDA8982000EBBAC /* bb9moji.appex */; settings = {ATTRIBUTES = (RemoveHeadersOnCopy, ); }; };
		1AE5795A1CEA22F70002C127 /* bbmoji.xib in Resources */ = {isa = PBXBuildFile; fileRef = 1AE579591CEA22F70002C127 /* bbmoji.xib */; };
		1AE5795B1CEA55CB0002C127 /* Assets.xcassets in Resources */ = {isa = PBXBuildFile; fileRef = 1AB670CF1CDA7B91000EBBAC /* Assets.xcassets */; };
/* End PBXBuildFile section */

/* Begin PBXContainerItemProxy section */
		1AB670DA1CDA7B91000EBBAC /* PBXContainerItemProxy */ = {
			isa = PBXContainerItemProxy;
			containerPortal = 1AB670BD1CDA7B90000EBBAC /* Project object */;
			proxyType = 1;
			remoteGlobalIDString = 1AB670C41CDA7B90000EBBAC;
			remoteInfo = DISmoji;
		};
		1AB670E51CDA7B91000EBBAC /* PBXContainerItemProxy */ = {
			isa = PBXContainerItemProxy;
			containerPortal = 1AB670BD1CDA7B90000EBBAC /* Project object */;
			proxyType = 1;
			remoteGlobalIDString = 1AB670C41CDA7B90000EBBAC;
			remoteInfo = DISmoji;
		};
		1AB670FF1CDA8982000EBBAC /* PBXContainerItemProxy */ = {
			isa = PBXContainerItemProxy;
			containerPortal = 1AB670BD1CDA7B90000EBBAC /* Project object */;
			proxyType = 1;
			remoteGlobalIDString = 1AB670F91CDA8982000EBBAC;
			remoteInfo = bb9moji;
		};
/* End PBXContainerItemProxy section */

/* Begin PBXCopyFilesBuildPhase section */
		1AB671051CDA8982000EBBAC /* Embed App Extensions */ = {
			isa = PBXCopyFilesBuildPhase;
			buildActionMask = 2147483647;
			dstPath = "";
			dstSubfolderSpec = 13;
			files = (
				1AB671011CDA8982000EBBAC /* bb9moji.appex in Embed App Extensions */,
			);
			name = "Embed App Extensions";
			runOnlyForDeploymentPostprocessing = 0;
		};
/* End PBXCopyFilesBuildPhase section */

/* Begin PBXFileReference section */
		1AB670C51CDA7B90000EBBAC /* DISmoji.app */ = {isa = PBXFileReference; explicitFileType = wrapper.application; includeInIndex = 0; path = DISmoji.app; sourceTree = BUILT_PRODUCTS_DIR; };
		1AB670C81CDA7B91000EBBAC /* AppDelegate.swift */ = {isa = PBXFileReference; lastKnownFileType = sourcecode.swift; path = AppDelegate.swift; sourceTree = "<group>"; };
		1AB670CA1CDA7B91000EBBAC /* ViewController.swift */ = {isa = PBXFileReference; lastKnownFileType = sourcecode.swift; path = ViewController.swift; sourceTree = "<group>"; };
		1AB670CD1CDA7B91000EBBAC /* Base */ = {isa = PBXFileReference; lastKnownFileType = file.storyboard; name = Base; path = Base.lproj/Main.storyboard; sourceTree = "<group>"; };
		1AB670CF1CDA7B91000EBBAC /* Assets.xcassets */ = {isa = PBXFileReference; lastKnownFileType = folder.assetcatalog; path = Assets.xcassets; sourceTree = "<group>"; };
		1AB670D21CDA7B91000EBBAC /* Base */ = {isa = PBXFileReference; lastKnownFileType = file.storyboard; name = Base; path = Base.lproj/LaunchScreen.storyboard; sourceTree = "<group>"; };
		1AB670D41CDA7B91000EBBAC /* Info.plist */ = {isa = PBXFileReference; lastKnownFileType = text.plist.xml; path = Info.plist; sourceTree = "<group>"; };
		1AB670D91CDA7B91000EBBAC /* DISmojiTests.xctest */ = {isa = PBXFileReference; explicitFileType = wrapper.cfbundle; includeInIndex = 0; path = DISmojiTests.xctest; sourceTree = BUILT_PRODUCTS_DIR; };
		1AB670DD1CDA7B91000EBBAC /* DISmojiTests.swift */ = {isa = PBXFileReference; lastKnownFileType = sourcecode.swift; path = DISmojiTests.swift; sourceTree = "<group>"; };
		1AB670DF1CDA7B91000EBBAC /* Info.plist */ = {isa = PBXFileReference; lastKnownFileType = text.plist.xml; path = Info.plist; sourceTree = "<group>"; };
		1AB670E41CDA7B91000EBBAC /* DISmojiUITests.xctest */ = {isa = PBXFileReference; explicitFileType = wrapper.cfbundle; includeInIndex = 0; path = DISmojiUITests.xctest; sourceTree = BUILT_PRODUCTS_DIR; };
		1AB670E81CDA7B91000EBBAC /* DISmojiUITests.swift */ = {isa = PBXFileReference; lastKnownFileType = sourcecode.swift; path = DISmojiUITests.swift; sourceTree = "<group>"; };
		1AB670EA1CDA7B91000EBBAC /* Info.plist */ = {isa = PBXFileReference; lastKnownFileType = text.plist.xml; path = Info.plist; sourceTree = "<group>"; };
		1AB670FA1CDA8982000EBBAC /* bb9moji.appex */ = {isa = PBXFileReference; explicitFileType = "wrapper.app-extension"; includeInIndex = 0; path = bb9moji.appex; sourceTree = BUILT_PRODUCTS_DIR; };
		1AB670FC1CDA8982000EBBAC /* KeyboardViewController.swift */ = {isa = PBXFileReference; lastKnownFileType = sourcecode.swift; path = KeyboardViewController.swift; sourceTree = "<group>"; };
		1AB670FE1CDA8982000EBBAC /* Info.plist */ = {isa = PBXFileReference; lastKnownFileType = text.plist.xml; path = Info.plist; sourceTree = "<group>"; };
		1AE579591CEA22F70002C127 /* bbmoji.xib */ = {isa = PBXFileReference; fileEncoding = 4; lastKnownFileType = file.xib; path = bbmoji.xib; sourceTree = "<group>"; };
/* End PBXFileReference section */

/* Begin PBXFrameworksBuildPhase section */
		1AB670C21CDA7B90000EBBAC /* Frameworks */ = {
			isa = PBXFrameworksBuildPhase;
			buildActionMask = 2147483647;
			files = (
			);
			runOnlyForDeploymentPostprocessing = 0;
		};
		1AB670D61CDA7B91000EBBAC /* Frameworks */ = {
			isa = PBXFrameworksBuildPhase;
			buildActionMask = 2147483647;
			files = (
			);
			runOnlyForDeploymentPostprocessing = 0;
		};
		1AB670E11CDA7B91000EBBAC /* Frameworks */ = {
			isa = PBXFrameworksBuildPhase;
			buildActionMask = 2147483647;
			files = (
			);
			runOnlyForDeploymentPostprocessing = 0;
		};
		1AB670F71CDA8982000EBBAC /* Frameworks */ = {
			isa = PBXFrameworksBuildPhase;
			buildActionMask = 2147483647;
			files = (
			);
			runOnlyForDeploymentPostprocessing = 0;
		};
/* End PBXFrameworksBuildPhase section */

/* Begin PBXGroup section */
		1AB670BC1CDA7B8F000EBBAC = {
			isa = PBXGroup;
			children = (
				1AB670C71CDA7B91000EBBAC /* DISmoji */,
				1AB670DC1CDA7B91000EBBAC /* DISmojiTests */,
				1AB670E71CDA7B91000EBBAC /* DISmojiUITests */,
				1AB670FB1CDA8982000EBBAC /* bb9moji */,
				1AB670C61CDA7B90000EBBAC /* Products */,
			);
			sourceTree = "<group>";
		};
		1AB670C61CDA7B90000EBBAC /* Products */ = {
			isa = PBXGroup;
			children = (
				1AB670C51CDA7B90000EBBAC /* DISmoji.app */,
				1AB670D91CDA7B91000EBBAC /* DISmojiTests.xctest */,
				1AB670E41CDA7B91000EBBAC /* DISmojiUITests.xctest */,
				1AB670FA1CDA8982000EBBAC /* bb9moji.appex */,
			);
			name = Products;
			sourceTree = "<group>";
		};
		1AB670C71CDA7B91000EBBAC /* DISmoji */ = {
			isa = PBXGroup;
			children = (
				1AB670C81CDA7B91000EBBAC /* AppDelegate.swift */,
				1AB670CA1CDA7B91000EBBAC /* ViewController.swift */,
				1AB670CC1CDA7B91000EBBAC /* Main.storyboard */,
				1AB670CF1CDA7B91000EBBAC /* Assets.xcassets */,
				1AB670D11CDA7B91000EBBAC /* LaunchScreen.storyboard */,
				1AB670D41CDA7B91000EBBAC /* Info.plist */,
			);
			path = DISmoji;
			sourceTree = "<group>";
		};
		1AB670DC1CDA7B91000EBBAC /* DISmojiTests */ = {
			isa = PBXGroup;
			children = (
				1AB670DD1CDA7B91000EBBAC /* DISmojiTests.swift */,
				1AB670DF1CDA7B91000EBBAC /* Info.plist */,
			);
			path = DISmojiTests;
			sourceTree = "<group>";
		};
		1AB670E71CDA7B91000EBBAC /* DISmojiUITests */ = {
			isa = PBXGroup;
			children = (
				1AB670E81CDA7B91000EBBAC /* DISmojiUITests.swift */,
				1AB670EA1CDA7B91000EBBAC /* Info.plist */,
			);
			path = DISmojiUITests;
			sourceTree = "<group>";
		};
		1AB670FB1CDA8982000EBBAC /* bb9moji */ = {
			isa = PBXGroup;
			children = (
				1AB670FC1CDA8982000EBBAC /* KeyboardViewController.swift */,
				1AB670FE1CDA8982000EBBAC /* Info.plist */,
				1AE579591CEA22F70002C127 /* bbmoji.xib */,
			);
			path = bb9moji;
			sourceTree = "<group>";
		};
/* End PBXGroup section */

/* Begin PBXNativeTarget section */
		1AB670C41CDA7B90000EBBAC /* DISmoji */ = {
			isa = PBXNativeTarget;
			buildConfigurationList = 1AB670ED1CDA7B91000EBBAC /* Build configuration list for PBXNativeTarget "DISmoji" */;
			buildPhases = (
				1AB670C11CDA7B90000EBBAC /* Sources */,
				1AB670C21CDA7B90000EBBAC /* Frameworks */,
				1AB670C31CDA7B90000EBBAC /* Resources */,
				1AB671051CDA8982000EBBAC /* Embed App Extensions */,
			);
			buildRules = (
			);
			dependencies = (
				1AB671001CDA8982000EBBAC /* PBXTargetDependency */,
			);
			name = DISmoji;
			productName = DISmoji;
			productReference = 1AB670C51CDA7B90000EBBAC /* DISmoji.app */;
			productType = "com.apple.product-type.application";
		};
		1AB670D81CDA7B91000EBBAC /* DISmojiTests */ = {
			isa = PBXNativeTarget;
			buildConfigurationList = 1AB670F01CDA7B91000EBBAC /* Build configuration list for PBXNativeTarget "DISmojiTests" */;
			buildPhases = (
				1AB670D51CDA7B91000EBBAC /* Sources */,
				1AB670D61CDA7B91000EBBAC /* Frameworks */,
				1AB670D71CDA7B91000EBBAC /* Resources */,
			);
			buildRules = (
			);
			dependencies = (
				1AB670DB1CDA7B91000EBBAC /* PBXTargetDependency */,
			);
			name = DISmojiTests;
			productName = DISmojiTests;
			productReference = 1AB670D91CDA7B91000EBBAC /* DISmojiTests.xctest */;
			productType = "com.apple.product-type.bundle.unit-test";
		};
		1AB670E31CDA7B91000EBBAC /* DISmojiUITests */ = {
			isa = PBXNativeTarget;
			buildConfigurationList = 1AB670F31CDA7B91000EBBAC /* Build configuration list for PBXNativeTarget "DISmojiUITests" */;
			buildPhases = (
				1AB670E01CDA7B91000EBBAC /* Sources */,
				1AB670E11CDA7B91000EBBAC /* Frameworks */,
				1AB670E21CDA7B91000EBBAC /* Resources */,
			);
			buildRules = (
			);
			dependencies = (
				1AB670E61CDA7B91000EBBAC /* PBXTargetDependency */,
			);
			name = DISmojiUITests;
			productName = DISmojiUITests;
			productReference = 1AB670E41CDA7B91000EBBAC /* DISmojiUITests.xctest */;
			productType = "com.apple.product-type.bundle.ui-testing";
		};
		1AB670F91CDA8982000EBBAC /* bb9moji */ = {
			isa = PBXNativeTarget;
			buildConfigurationList = 1AB671021CDA8982000EBBAC /* Build configuration list for PBXNativeTarget "bb9moji" */;
			buildPhases = (
				1AB670F61CDA8982000EBBAC /* Sources */,
				1AB670F71CDA8982000EBBAC /* Frameworks */,
				1AB670F81CDA8982000EBBAC /* Resources */,
			);
			buildRules = (
			);
			dependencies = (
			);
			name = bb9moji;
			productName = bb9moji;
			productReference = 1AB670FA1CDA8982000EBBAC /* bb9moji.appex */;
			productType = "com.apple.product-type.app-extension";
		};
/* End PBXNativeTarget section */

/* Begin PBXProject section */
		1AB670BD1CDA7B90000EBBAC /* Project object */ = {
			isa = PBXProject;
			attributes = {
				LastSwiftUpdateCheck = 0730;
				LastUpgradeCheck = 0730;
				ORGANIZATIONNAME = "Berlin Biennale";
				TargetAttributes = {
					1AB670C41CDA7B90000EBBAC = {
						CreatedOnToolsVersion = 7.3;
					};
					1AB670D81CDA7B91000EBBAC = {
						CreatedOnToolsVersion = 7.3;
						TestTargetID = 1AB670C41CDA7B90000EBBAC;
					};
					1AB670E31CDA7B91000EBBAC = {
						CreatedOnToolsVersion = 7.3;
						TestTargetID = 1AB670C41CDA7B90000EBBAC;
					};
					1AB670F91CDA8982000EBBAC = {
						CreatedOnToolsVersion = 7.3;
					};
				};
			};
			buildConfigurationList = 1AB670C01CDA7B90000EBBAC /* Build configuration list for PBXProject "DISmoji" */;
			compatibilityVersion = "Xcode 3.2";
			developmentRegion = English;
			hasScannedForEncodings = 0;
			knownRegions = (
				en,
				Base,
			);
			mainGroup = 1AB670BC1CDA7B8F000EBBAC;
			productRefGroup = 1AB670C61CDA7B90000EBBAC /* Products */;
			projectDirPath = "";
			projectRoot = "";
			targets = (
				1AB670C41CDA7B90000EBBAC /* DISmoji */,
				1AB670D81CDA7B91000EBBAC /* DISmojiTests */,
				1AB670E31CDA7B91000EBBAC /* DISmojiUITests */,
				1AB670F91CDA8982000EBBAC /* bb9moji */,
			);
		};
/* End PBXProject section */

/* Begin PBXResourcesBuildPhase section */
		1AB670C31CDA7B90000EBBAC /* Resources */ = {
			isa = PBXResourcesBuildPhase;
			buildActionMask = 2147483647;
			files = (
				1AB670D31CDA7B91000EBBAC /* LaunchScreen.storyboard in Resources */,
				1AB670D01CDA7B91000EBBAC /* Assets.xcassets in Resources */,
				1AB670CE1CDA7B91000EBBAC /* Main.storyboard in Resources */,
			);
			runOnlyForDeploymentPostprocessing = 0;
		};
		1AB670D71CDA7B91000EBBAC /* Resources */ = {
			isa = PBXResourcesBuildPhase;
			buildActionMask = 2147483647;
			files = (
			);
			runOnlyForDeploymentPostprocessing = 0;
		};
		1AB670E21CDA7B91000EBBAC /* Resources */ = {
			isa = PBXResourcesBuildPhase;
			buildActionMask = 2147483647;
			files = (
			);
			runOnlyForDeploymentPostprocessing = 0;
		};
		1AB670F81CDA8982000EBBAC /* Resources */ = {
			isa = PBXResourcesBuildPhase;
			buildActionMask = 2147483647;
			files = (
				1AE5795B1CEA55CB0002C127 /* Assets.xcassets in Resources */,
				1AE5795A1CEA22F70002C127 /* bbmoji.xib in Resources */,
			);
			runOnlyForDeploymentPostprocessing = 0;
		};
/* End PBXResourcesBuildPhase section */

/* Begin PBXSourcesBuildPhase section */
		1AB670C11CDA7B90000EBBAC /* Sources */ = {
			isa = PBXSourcesBuildPhase;
			buildActionMask = 2147483647;
			files = (
				1AB670CB1CDA7B91000EBBAC /* ViewController.swift in Sources */,
				1AB670C91CDA7B91000EBBAC /* AppDelegate.swift in Sources */,
			);
			runOnlyForDeploymentPostprocessing = 0;
		};
		1AB670D51CDA7B91000EBBAC /* Sources */ = {
			isa = PBXSourcesBuildPhase;
			buildActionMask = 2147483647;
			files = (
				1AB670DE1CDA7B91000EBBAC /* DISmojiTests.swift in Sources */,
			);
			runOnlyForDeploymentPostprocessing = 0;
		};
		1AB670E01CDA7B91000EBBAC /* Sources */ = {
			isa = PBXSourcesBuildPhase;
			buildActionMask = 2147483647;
			files = (
				1AB670E91CDA7B91000EBBAC /* DISmojiUITests.swift in Sources */,
			);
			runOnlyForDeploymentPostprocessing = 0;
		};
		1AB670F61CDA8982000EBBAC /* Sources */ = {
			isa = PBXSourcesBuildPhase;
			buildActionMask = 2147483647;
			files = (
				1AB670FD1CDA8982000EBBAC /* KeyboardViewController.swift in Sources */,
			);
			runOnlyForDeploymentPostprocessing = 0;
		};
/* End PBXSourcesBuildPhase section */

/* Begin PBXTargetDependency section */
		1AB670DB1CDA7B91000EBBAC /* PBXTargetDependency */ = {
			isa = PBXTargetDependency;
			target = 1AB670C41CDA7B90000EBBAC /* DISmoji */;
			targetProxy = 1AB670DA1CDA7B91000EBBAC /* PBXContainerItemProxy */;
		};
		1AB670E61CDA7B91000EBBAC /* PBXTargetDependency */ = {
			isa = PBXTargetDependency;
			target = 1AB670C41CDA7B90000EBBAC /* DISmoji */;
			targetProxy = 1AB670E51CDA7B91000EBBAC /* PBXContainerItemProxy */;
		};
		1AB671001CDA8982000EBBAC /* PBXTargetDependency */ = {
			isa = PBXTargetDependency;
			target = 1AB670F91CDA8982000EBBAC /* bb9moji */;
			targetProxy = 1AB670FF1CDA8982000EBBAC /* PBXContainerItemProxy */;
		};
/* End PBXTargetDependency section */

/* Begin PBXVariantGroup section */
		1AB670CC1CDA7B91000EBBAC /* Main.storyboard */ = {
			isa = PBXVariantGroup;
			children = (
				1AB670CD1CDA7B91000EBBAC /* Base */,
			);
			name = Main.storyboard;
			sourceTree = "<group>";
		};
		1AB670D11CDA7B91000EBBAC /* LaunchScreen.storyboard */ = {
			isa = PBXVariantGroup;
			children = (
				1AB670D21CDA7B91000EBBAC /* Base */,
			);
			name = LaunchScreen.storyboard;
			sourceTree = "<group>";
		};
/* End PBXVariantGroup section */

/* Begin XCBuildConfiguration section */
		1AB670EB1CDA7B91000EBBAC /* Debug */ = {
			isa = XCBuildConfiguration;
			buildSettings = {
				ALWAYS_SEARCH_USER_PATHS = NO;
				CLANG_ANALYZER_NONNULL = YES;
				CLANG_CXX_LANGUAGE_STANDARD = "gnu++0x";
				CLANG_CXX_LIBRARY = "libc++";
				CLANG_ENABLE_MODULES = YES;
				CLANG_ENABLE_OBJC_ARC = YES;
				CLANG_WARN_BOOL_CONVERSION = YES;
				CLANG_WARN_CONSTANT_CONVERSION = YES;
				CLANG_WARN_DIRECT_OBJC_ISA_USAGE = YES_ERROR;
				CLANG_WARN_EMPTY_BODY = YES;
				CLANG_WARN_ENUM_CONVERSION = YES;
				CLANG_WARN_INT_CONVERSION = YES;
				CLANG_WARN_OBJC_ROOT_CLASS = YES_ERROR;
				CLANG_WARN_UNREACHABLE_CODE = YES;
				CLANG_WARN__DUPLICATE_METHOD_MATCH = YES;
				"CODE_SIGN_IDENTITY[sdk=iphoneos*]" = "iPhone Developer";
				COPY_PHASE_STRIP = NO;
				DEBUG_INFORMATION_FORMAT = dwarf;
				ENABLE_STRICT_OBJC_MSGSEND = YES;
				ENABLE_TESTABILITY = YES;
				GCC_C_LANGUAGE_STANDARD = gnu99;
				GCC_DYNAMIC_NO_PIC = NO;
				GCC_NO_COMMON_BLOCKS = YES;
				GCC_OPTIMIZATION_LEVEL = 0;
				GCC_PREPROCESSOR_DEFINITIONS = (
					"DEBUG=1",
					"$(inherited)",
				);
				GCC_WARN_64_TO_32_BIT_CONVERSION = YES;
				GCC_WARN_ABOUT_RETURN_TYPE = YES_ERROR;
				GCC_WARN_UNDECLARED_SELECTOR = YES;
				GCC_WARN_UNINITIALIZED_AUTOS = YES_AGGRESSIVE;
				GCC_WARN_UNUSED_FUNCTION = YES;
				GCC_WARN_UNUSED_VARIABLE = YES;
				IPHONEOS_DEPLOYMENT_TARGET = 9.3;
				MTL_ENABLE_DEBUG_INFO = YES;
				ONLY_ACTIVE_ARCH = YES;
				SDKROOT = iphoneos;
				SWIFT_OPTIMIZATION_LEVEL = "-Onone";
				TARGETED_DEVICE_FAMILY = "1,2";
			};
			name = Debug;
		};
		1AB670EC1CDA7B91000EBBAC /* Release */ = {
			isa = XCBuildConfiguration;
			buildSettings = {
				ALWAYS_SEARCH_USER_PATHS = NO;
				CLANG_ANALYZER_NONNULL = YES;
				CLANG_CXX_LANGUAGE_STANDARD = "gnu++0x";
				CLANG_CXX_LIBRARY = "libc++";
				CLANG_ENABLE_MODULES = YES;
				CLANG_ENABLE_OBJC_ARC = YES;
				CLANG_WARN_BOOL_CONVERSION = YES;
				CLANG_WARN_CONSTANT_CONVERSION = YES;
				CLANG_WARN_DIRECT_OBJC_ISA_USAGE = YES_ERROR;
				CLANG_WARN_EMPTY_BODY = YES;
				CLANG_WARN_ENUM_CONVERSION = YES;
				CLANG_WARN_INT_CONVERSION = YES;
				CLANG_WARN_OBJC_ROOT_CLASS = YES_ERROR;
				CLANG_WARN_UNREACHABLE_CODE = YES;
				CLANG_WARN__DUPLICATE_METHOD_MATCH = YES;
				"CODE_SIGN_IDENTITY[sdk=iphoneos*]" = "iPhone Developer";
				COPY_PHASE_STRIP = NO;
				DEBUG_INFORMATION_FORMAT = "dwarf-with-dsym";
				ENABLE_NS_ASSERTIONS = NO;
				ENABLE_STRICT_OBJC_MSGSEND = YES;
				GCC_C_LANGUAGE_STANDARD = gnu99;
				GCC_NO_COMMON_BLOCKS = YES;
				GCC_WARN_64_TO_32_BIT_CONVERSION = YES;
				GCC_WARN_ABOUT_RETURN_TYPE = YES_ERROR;
				GCC_WARN_UNDECLARED_SELECTOR = YES;
				GCC_WARN_UNINITIALIZED_AUTOS = YES_AGGRESSIVE;
				GCC_WARN_UNUSED_FUNCTION = YES;
				GCC_WARN_UNUSED_VARIABLE = YES;
				IPHONEOS_DEPLOYMENT_TARGET = 9.3;
				MTL_ENABLE_DEBUG_INFO = NO;
				SDKROOT = iphoneos;
				TARGETED_DEVICE_FAMILY = "1,2";
				VALIDATE_PRODUCT = YES;
			};
			name = Release;
		};
		1AB670EE1CDA7B91000EBBAC /* Debug */ = {
			isa = XCBuildConfiguration;
			buildSettings = {
				ASSETCATALOG_COMPILER_APPICON_NAME = AppIcon;
				EMBEDDED_CONTENT_CONTAINS_SWIFT = YES;
				INFOPLIST_FILE = DISmoji/Info.plist;
				LD_RUNPATH_SEARCH_PATHS = "$(inherited) @executable_path/Frameworks";
				PRODUCT_BUNDLE_IDENTIFIER = berlinbiennale.DISmoji;
				PRODUCT_NAME = "$(TARGET_NAME)";
			};
			name = Debug;
		};
		1AB670EF1CDA7B91000EBBAC /* Release */ = {
			isa = XCBuildConfiguration;
			buildSettings = {
				ASSETCATALOG_COMPILER_APPICON_NAME = AppIcon;
				EMBEDDED_CONTENT_CONTAINS_SWIFT = YES;
				INFOPLIST_FILE = DISmoji/Info.plist;
				LD_RUNPATH_SEARCH_PATHS = "$(inherited) @executable_path/Frameworks";
				PRODUCT_BUNDLE_IDENTIFIER = berlinbiennale.DISmoji;
				PRODUCT_NAME = "$(TARGET_NAME)";
			};
			name = Release;
		};
		1AB670F11CDA7B91000EBBAC /* Debug */ = {
			isa = XCBuildConfiguration;
			buildSettings = {
				BUNDLE_LOADER = "$(TEST_HOST)";
				INFOPLIST_FILE = DISmojiTests/Info.plist;
				LD_RUNPATH_SEARCH_PATHS = "$(inherited) @executable_path/Frameworks @loader_path/Frameworks";
				PRODUCT_BUNDLE_IDENTIFIER = berlinbiennale.DISmojiTests;
				PRODUCT_NAME = "$(TARGET_NAME)";
				TEST_HOST = "$(BUILT_PRODUCTS_DIR)/DISmoji.app/DISmoji";
			};
			name = Debug;
		};
		1AB670F21CDA7B91000EBBAC /* Release */ = {
			isa = XCBuildConfiguration;
			buildSettings = {
				BUNDLE_LOADER = "$(TEST_HOST)";
				INFOPLIST_FILE = DISmojiTests/Info.plist;
				LD_RUNPATH_SEARCH_PATHS = "$(inherited) @executable_path/Frameworks @loader_path/Frameworks";
				PRODUCT_BUNDLE_IDENTIFIER = berlinbiennale.DISmojiTests;
				PRODUCT_NAME = "$(TARGET_NAME)";
				TEST_HOST = "$(BUILT_PRODUCTS_DIR)/DISmoji.app/DISmoji";
			};
			name = Release;
		};
		1AB670F41CDA7B91000EBBAC /* Debug */ = {
			isa = XCBuildConfiguration;
			buildSettings = {
				INFOPLIST_FILE = DISmojiUITests/Info.plist;
				LD_RUNPATH_SEARCH_PATHS = "$(inherited) @executable_path/Frameworks @loader_path/Frameworks";
				PRODUCT_BUNDLE_IDENTIFIER = berlinbiennale.DISmojiUITests;
				PRODUCT_NAME = "$(TARGET_NAME)";
				TEST_TARGET_NAME = DISmoji;
			};
			name = Debug;
		};
		1AB670F51CDA7B91000EBBAC /* Release */ = {
			isa = XCBuildConfiguration;
			buildSettings = {
				INFOPLIST_FILE = DISmojiUITests/Info.plist;
				LD_RUNPATH_SEARCH_PATHS = "$(inherited) @executable_path/Frameworks @loader_path/Frameworks";
				PRODUCT_BUNDLE_IDENTIFIER = berlinbiennale.DISmojiUITests;
				PRODUCT_NAME = "$(TARGET_NAME)";
				TEST_TARGET_NAME = DISmoji;
			};
			name = Release;
		};
		1AB671031CDA8982000EBBAC /* Debug */ = {
			isa = XCBuildConfiguration;
			buildSettings = {
				INFOPLIST_FILE = bb9moji/Info.plist;
				LD_RUNPATH_SEARCH_PATHS = "$(inherited) @executable_path/Frameworks @executable_path/../../Frameworks";
				PRODUCT_BUNDLE_IDENTIFIER = berlinbiennale.DISmoji.bb9moji;
				PRODUCT_NAME = "$(TARGET_NAME)";
				SKIP_INSTALL = YES;
			};
			name = Debug;
		};
		1AB671041CDA8982000EBBAC /* Release */ = {
			isa = XCBuildConfiguration;
			buildSettings = {
				INFOPLIST_FILE = bb9moji/Info.plist;
				LD_RUNPATH_SEARCH_PATHS = "$(inherited) @executable_path/Frameworks @executable_path/../../Frameworks";
				PRODUCT_BUNDLE_IDENTIFIER = berlinbiennale.DISmoji.bb9moji;
				PRODUCT_NAME = "$(TARGET_NAME)";
				SKIP_INSTALL = YES;
			};
			name = Release;
		};
/* End XCBuildConfiguration section */

/* Begin XCConfigurationList section */
		1AB670C01CDA7B90000EBBAC /* Build configuration list for PBXProject "DISmoji" */ = {
			isa = XCConfigurationList;
			buildConfigurations = (
				1AB670EB1CDA7B91000EBBAC /* Debug */,
				1AB670EC1CDA7B91000EBBAC /* Release */,
			);
			defaultConfigurationIsVisible = 0;
			defaultConfigurationName = Release;
		};
		1AB670ED1CDA7B91000EBBAC /* Build configuration list for PBXNativeTarget "DISmoji" */ = {
			isa = XCConfigurationList;
			buildConfigurations = (
				1AB670EE1CDA7B91000EBBAC /* Debug */,
				1AB670EF1CDA7B91000EBBAC /* Release */,
			);
			defaultConfigurationIsVisible = 0;
			defaultConfigurationName = Release;
		};
		1AB670F01CDA7B91000EBBAC /* Build configuration list for PBXNativeTarget "DISmojiTests" */ = {
			isa = XCConfigurationList;
			buildConfigurations = (
				1AB670F11CDA7B91000EBBAC /* Debug */,
				1AB670F21CDA7B91000EBBAC /* Release */,
			);
			defaultConfigurationIsVisible = 0;
			defaultConfigurationName = Release;
		};
		1AB670F31CDA7B91000EBBAC /* Build configuration list for PBXNativeTarget "DISmojiUITests" */ = {
			isa = XCConfigurationList;
			buildConfigurations = (
				1AB670F41CDA7B91000EBBAC /* Debug */,
				1AB670F51CDA7B91000EBBAC /* Release */,
			);
			defaultConfigurationIsVisible = 0;
			defaultConfigurationName = Release;
		};
		1AB671021CDA8982000EBBAC /* Build configuration list for PBXNativeTarget "bb9moji" */ = {
			isa = XCConfigurationList;
			buildConfigurations = (
				1AB671031CDA8982000EBBAC /* Debug */,
				1AB671041CDA8982000EBBAC /* Release */,
			);
			defaultConfigurationIsVisible = 0;
			defaultConfigurationName = Release;
		};
/* End XCConfigurationList section */
	};
	rootObject = 1AB670BD1CDA7B90000EBBAC /* Project object */;
}
